<?xml version="1.0" encoding="utf-8"?>
<Project ToolsVersion="4.0" xmlns="http://schemas.microsoft.com/developer/msbuild/2003">
  <ItemGroup>
    <Filter Include="System">
      <UniqueIdentifier>{4ab11737-b8df-43c3-8a46-a133e1bb4fa8}</UniqueIdentifier>
    </Filter>
    <Filter Include="Motor">
      <UniqueIdentifier>{d41ba95c-6b84-4817-8cd0-e00c8df373d0}</UniqueIdentifier>
    </Filter>
    <Filter Include="LineSensor">
      <UniqueIdentifier>{bbbaceaa-f63e-4809-aa8d-5c1e9c5de669}</UniqueIdentifier>
    </Filter>
  </ItemGroup>
  <ItemGroup>
    <None Include="Robot.ino" />
  </ItemGroup>
  <ItemGroup>
    <ClInclude Include="__vm\.Robot.vsarduino.h">
      <Filter>System</Filter>
    </ClInclude>
    <ClInclude Include="rtMotor.h">
      <Filter>Motor</Filter>
    </ClInclude>
    <ClInclude Include="rtLineSensor.h">
      <Filter>LineSensor</Filter>
    </ClInclude>
  </ItemGroup>
  <ItemGroup>
    <ClCompile Include="rtMotor.cpp">
      <Filter>Motor</Filter>
    </ClCompile>
    <ClCompile Include="rtLineSensor.cpp">
      <Filter>LineSensor</Filter>
    </ClCompile>
  </ItemGroup>
</Project>